// !$*UTF8*$!
{
	archiveVersion = 1;
	classes = {
	};
	objectVersion = 55;
	objects = {

/* Begin PBXBuildFile section */
		1205BF2428727EAF00D04260 /* RouletteNumberTile.swift in Sources */ = {isa = PBXBuildFile; fileRef = 1205BF2328727EAF00D04260 /* RouletteNumberTile.swift */; };
		1205BF2628727FD400D04260 /* View+ScrollLock.swift in Sources */ = {isa = PBXBuildFile; fileRef = 1205BF2528727FD400D04260 /* View+ScrollLock.swift */; };
		1205BF28287551CB00D04260 /* ViewDidLoadModifier.swift in Sources */ = {isa = PBXBuildFile; fileRef = 1205BF27287551CB00D04260 /* ViewDidLoadModifier.swift */; };
		1205BF2A2875523000D04260 /* View+OnLoad.swift in Sources */ = {isa = PBXBuildFile; fileRef = 1205BF292875523000D04260 /* View+OnLoad.swift */; };
		1205BF2C2875645500D04260 /* RouletteTable.swift in Sources */ = {isa = PBXBuildFile; fileRef = 1205BF2B2875645500D04260 /* RouletteTable.swift */; };
		12E33AFB2854725D002E0F33 /* RouletteTrackerApp.swift in Sources */ = {isa = PBXBuildFile; fileRef = 12E33AFA2854725D002E0F33 /* RouletteTrackerApp.swift */; };
		12E33AFD2854725D002E0F33 /* ContentView.swift in Sources */ = {isa = PBXBuildFile; fileRef = 12E33AFC2854725D002E0F33 /* ContentView.swift */; };
		12E33AFF2854725D002E0F33 /* Assets.xcassets in Resources */ = {isa = PBXBuildFile; fileRef = 12E33AFE2854725D002E0F33 /* Assets.xcassets */; };
		12E33B022854725D002E0F33 /* Preview Assets.xcassets in Resources */ = {isa = PBXBuildFile; fileRef = 12E33B012854725D002E0F33 /* Preview Assets.xcassets */; };
/* End PBXBuildFile section */

/* Begin PBXFileReference section */
		1205BF2328727EAF00D04260 /* RouletteNumberTile.swift */ = {isa = PBXFileReference; lastKnownFileType = sourcecode.swift; path = RouletteNumberTile.swift; sourceTree = "<group>"; };
		1205BF2528727FD400D04260 /* View+ScrollLock.swift */ = {isa = PBXFileReference; lastKnownFileType = sourcecode.swift; path = "View+ScrollLock.swift"; sourceTree = "<group>"; };
		1205BF27287551CB00D04260 /* ViewDidLoadModifier.swift */ = {isa = PBXFileReference; lastKnownFileType = sourcecode.swift; path = ViewDidLoadModifier.swift; sourceTree = "<group>"; };
		1205BF292875523000D04260 /* View+OnLoad.swift */ = {isa = PBXFileReference; lastKnownFileType = sourcecode.swift; path = "View+OnLoad.swift"; sourceTree = "<group>"; };
		1205BF2B2875645500D04260 /* RouletteTable.swift */ = {isa = PBXFileReference; lastKnownFileType = sourcecode.swift; path = RouletteTable.swift; sourceTree = "<group>"; };
		12E33AF72854725D002E0F33 /* RouletteTracker.app */ = {isa = PBXFileReference; explicitFileType = wrapper.application; includeInIndex = 0; path = RouletteTracker.app; sourceTree = BUILT_PRODUCTS_DIR; };
		12E33AFA2854725D002E0F33 /* RouletteTrackerApp.swift */ = {isa = PBXFileReference; lastKnownFileType = sourcecode.swift; path = RouletteTrackerApp.swift; sourceTree = "<group>"; };
		12E33AFC2854725D002E0F33 /* ContentView.swift */ = {isa = PBXFileReference; lastKnownFileType = sourcecode.swift; path = ContentView.swift; sourceTree = "<group>"; };
		12E33AFE2854725D002E0F33 /* Assets.xcassets */ = {isa = PBXFileReference; lastKnownFileType = folder.assetcatalog; path = Assets.xcassets; sourceTree = "<group>"; };
		12E33B012854725D002E0F33 /* Preview Assets.xcassets */ = {isa = PBXFileReference; lastKnownFileType = folder.assetcatalog; path = "Preview Assets.xcassets"; sourceTree = "<group>"; };
/* End PBXFileReference section */

/* Begin PBXFrameworksBuildPhase section */
		12E33AF42854725D002E0F33 /* Frameworks */ = {
			isa = PBXFrameworksBuildPhase;
			buildActionMask = 2147483647;
			files = (
			);
			runOnlyForDeploymentPostprocessing = 0;
		};
/* End PBXFrameworksBuildPhase section */

/* Begin PBXGroup section */
		12E33AEE2854725D002E0F33 = {
			isa = PBXGroup;
			children = (
				12E33AF92854725D002E0F33 /* RouletteTracker */,
				12E33AF82854725D002E0F33 /* Products */,
			);
			sourceTree = "<group>";
		};
		12E33AF82854725D002E0F33 /* Products */ = {
			isa = PBXGroup;
			children = (
				12E33AF72854725D002E0F33 /* RouletteTracker.app */,
			);
			name = Products;
			sourceTree = "<group>";
		};
		12E33AF92854725D002E0F33 /* RouletteTracker */ = {
			isa = PBXGroup;
			children = (
				12E33AFA2854725D002E0F33 /* RouletteTrackerApp.swift */,
				12E33AFC2854725D002E0F33 /* ContentView.swift */,
				1205BF2B2875645500D04260 /* RouletteTable.swift */,
				1205BF27287551CB00D04260 /* ViewDidLoadModifier.swift */,
				1205BF292875523000D04260 /* View+OnLoad.swift */,
				1205BF2528727FD400D04260 /* View+ScrollLock.swift */,
				1205BF2328727EAF00D04260 /* RouletteNumberTile.swift */,
				12E33AFE2854725D002E0F33 /* Assets.xcassets */,
				12E33B002854725D002E0F33 /* Preview Content */,
			);
			path = RouletteTracker;
			sourceTree = "<group>";
		};
		12E33B002854725D002E0F33 /* Preview Content */ = {
			isa = PBXGroup;
			children = (
				12E33B012854725D002E0F33 /* Preview Assets.xcassets */,
			);
			path = "Preview Content";
			sourceTree = "<group>";
		};
/* End PBXGroup section */

/* Begin PBXNativeTarget section */
		12E33AF62854725D002E0F33 /* RouletteTracker */ = {
			isa = PBXNativeTarget;
			buildConfigurationList = 12E33B052854725D002E0F33 /* Build configuration list for PBXNativeTarget "RouletteTracker" */;
			buildPhases = (
				12E33AF32854725D002E0F33 /* Sources */,
				12E33AF42854725D002E0F33 /* Frameworks */,
				12E33AF52854725D002E0F33 /* Resources */,
			);
			buildRules = (
			);
			dependencies = (
			);
			name = RouletteTracker;
			productName = RouletteTracker;
			productReference = 12E33AF72854725D002E0F33 /* RouletteTracker.app */;
			productType = "com.apple.product-type.application";
		};
/* End PBXNativeTarget section */

/* Begin PBXProject section */
		12E33AEF2854725D002E0F33 /* Project object */ = {
			isa = PBXProject;
			attributes = {
				BuildIndependentTargetsInParallel = 1;
				LastSwiftUpdateCheck = 1340;
				LastUpgradeCheck = 1340;
				TargetAttributes = {
					12E33AF62854725D002E0F33 = {
						CreatedOnToolsVersion = 13.4.1;
					};
				};
			};
			buildConfigurationList = 12E33AF22854725D002E0F33 /* Build configuration list for PBXProject "RouletteTracker" */;
			compatibilityVersion = "Xcode 13.0";
			developmentRegion = en;
			hasScannedForEncodings = 0;
			knownRegions = (
				en,
				Base,
			);
			mainGroup = 12E33AEE2854725D002E0F33;
			productRefGroup = 12E33AF82854725D002E0F33 /* Products */;
			projectDirPath = "";
			projectRoot = "";
			targets = (
				12E33AF62854725D002E0F33 /* RouletteTracker */,
			);
		};
/* End PBXProject section */

/* Begin PBXResourcesBuildPhase section */
		12E33AF52854725D002E0F33 /* Resources */ = {
			isa = PBXResourcesBuildPhase;
			buildActionMask = 2147483647;
			files = (
				12E33B022854725D002E0F33 /* Preview Assets.xcassets in Resources */,
				12E33AFF2854725D002E0F33 /* Assets.xcassets in Resources */,
			);
			runOnlyForDeploymentPostprocessing = 0;
		};
/* End PBXResourcesBuildPhase section */

/* Begin PBXSourcesBuildPhase section */
		12E33AF32854725D002E0F33 /* Sources */ = {
			isa = PBXSourcesBuildPhase;
			buildActionMask = 2147483647;
			files = (
				1205BF2C2875645500D04260 /* RouletteTable.swift in Sources */,
				1205BF28287551CB00D04260 /* ViewDidLoadModifier.swift in Sources */,
				1205BF2A2875523000D04260 /* View+OnLoad.swift in Sources */,
				12E33AFD2854725D002E0F33 /* ContentView.swift in Sources */,
				1205BF2428727EAF00D04260 /* RouletteNumberTile.swift in Sources */,
				1205BF2628727FD400D04260 /* View+ScrollLock.swift in Sources */,
				12E33AFB2854725D002E0F33 /* RouletteTrackerApp.swift in Sources */,
			);
			runOnlyForDeploymentPostprocessing = 0;
		};
/* End PBXSourcesBuildPhase section */

/* Begin XCBuildConfiguration section */
		12E33B032854725D002E0F33 /* Debug */ = {
			isa = XCBuildConfiguration;
			buildSettings = {
				ALWAYS_SEARCH_USER_PATHS = NO;
				CLANG_ANALYZER_NONNULL = YES;
				CLANG_ANALYZER_NUMBER_OBJECT_CONVERSION = YES_AGGRESSIVE;
				CLANG_CXX_LANGUAGE_STANDARD = "gnu++17";
				CLANG_ENABLE_MODULES = YES;
				CLANG_ENABLE_OBJC_ARC = YES;
				CLANG_ENABLE_OBJC_WEAK = YES;
				CLANG_WARN_BLOCK_CAPTURE_AUTORELEASING = YES;
				CLANG_WARN_BOOL_CONVERSION = YES;
				CLANG_WARN_COMMA = YES;
				CLANG_WARN_CONSTANT_CONVERSION = YES;
				CLANG_WARN_DEPRECATED_OBJC_IMPLEMENTATIONS = YES;
				CLANG_WARN_DIRECT_OBJC_ISA_USAGE = YES_ERROR;
				CLANG_WARN_DOCUMENTATION_COMMENTS = YES;
				CLANG_WARN_EMPTY_BODY = YES;
				CLANG_WARN_ENUM_CONVERSION = YES;
				CLANG_WARN_INFINITE_RECURSION = YES;
				CLANG_WARN_INT_CONVERSION = YES;
				CLANG_WARN_NON_LITERAL_NULL_CONVERSION = YES;
				CLANG_WARN_OBJC_IMPLICIT_RETAIN_SELF = YES;
				CLANG_WARN_OBJC_LITERAL_CONVERSION = YES;
				CLANG_WARN_OBJC_ROOT_CLASS = YES_ERROR;
				CLANG_WARN_QUOTED_INCLUDE_IN_FRAMEWORK_HEADER = YES;
				CLANG_WARN_RANGE_LOOP_ANALYSIS = YES;
				CLANG_WARN_STRICT_PROTOTYPES = YES;
				CLANG_WARN_SUSPICIOUS_MOVE = YES;
				CLANG_WARN_UNGUARDED_AVAILABILITY = YES_AGGRESSIVE;
				CLANG_WARN_UNREACHABLE_CODE = YES;
				CLANG_WARN__DUPLICATE_METHOD_MATCH = YES;
				COPY_PHASE_STRIP = NO;
				DEBUG_INFORMATION_FORMAT = dwarf;
				ENABLE_STRICT_OBJC_MSGSEND = YES;
				ENABLE_TESTABILITY = YES;
				GCC_C_LANGUAGE_STANDARD = gnu11;
				GCC_DYNAMIC_NO_PIC = NO;
				GCC_NO_COMMON_BLOCKS = YES;
				GCC_OPTIMIZATION_LEVEL = 0;
				GCC_PREPROCESSOR_DEFINITIONS = (
					"DEBUG=1",
					"$(inherited)",
				);
				GCC_WARN_64_TO_32_BIT_CONVERSION = YES;
				GCC_WARN_ABOUT_RETURN_TYPE = YES_ERROR;
				GCC_WARN_UNDECLARED_SELECTOR = YES;
				GCC_WARN_UNINITIALIZED_AUTOS = YES_AGGRESSIVE;
				GCC_WARN_UNUSED_FUNCTION = YES;
				GCC_WARN_UNUSED_VARIABLE = YES;
				IPHONEOS_DEPLOYMENT_TARGET = 15.5;
				MTL_ENABLE_DEBUG_INFO = INCLUDE_SOURCE;
				MTL_FAST_MATH = YES;
				ONLY_ACTIVE_ARCH = YES;
				SDKROOT = iphoneos;
				SWIFT_ACTIVE_COMPILATION_CONDITIONS = DEBUG;
				SWIFT_OPTIMIZATION_LEVEL = "-Onone";
			};
			name = Debug;
		};
		12E33B042854725D002E0F33 /* Release */ = {
			isa = XCBuildConfiguration;
			buildSettings = {
				ALWAYS_SEARCH_USER_PATHS = NO;
				CLANG_ANALYZER_NONNULL = YES;
				CLANG_ANALYZER_NUMBER_OBJECT_CONVERSION = YES_AGGRESSIVE;
				CLANG_CXX_LANGUAGE_STANDARD = "gnu++17";
				CLANG_ENABLE_MODULES = YES;
				CLANG_ENABLE_OBJC_ARC = YES;
				CLANG_ENABLE_OBJC_WEAK = YES;
				CLANG_WARN_BLOCK_CAPTURE_AUTORELEASING = YES;
				CLANG_WARN_BOOL_CONVERSION = YES;
				CLANG_WARN_COMMA = YES;
				CLANG_WARN_CONSTANT_CONVERSION = YES;
				CLANG_WARN_DEPRECATED_OBJC_IMPLEMENTATIONS = YES;
				CLANG_WARN_DIRECT_OBJC_ISA_USAGE = YES_ERROR;
				CLANG_WARN_DOCUMENTATION_COMMENTS = YES;
				CLANG_WARN_EMPTY_BODY = YES;
				CLANG_WARN_ENUM_CONVERSION = YES;
				CLANG_WARN_INFINITE_RECURSION = YES;
				CLANG_WARN_INT_CONVERSION = YES;
				CLANG_WARN_NON_LITERAL_NULL_CONVERSION = YES;
				CLANG_WARN_OBJC_IMPLICIT_RETAIN_SELF = YES;
				CLANG_WARN_OBJC_LITERAL_CONVERSION = YES;
				CLANG_WARN_OBJC_ROOT_CLASS = YES_ERROR;
				CLANG_WARN_QUOTED_INCLUDE_IN_FRAMEWORK_HEADER = YES;
				CLANG_WARN_RANGE_LOOP_ANALYSIS = YES;
				CLANG_WARN_STRICT_PROTOTYPES = YES;
				CLANG_WARN_SUSPICIOUS_MOVE = YES;
				CLANG_WARN_UNGUARDED_AVAILABILITY = YES_AGGRESSIVE;
				CLANG_WARN_UNREACHABLE_CODE = YES;
				CLANG_WARN__DUPLICATE_METHOD_MATCH = YES;
				COPY_PHASE_STRIP = NO;
				DEBUG_INFORMATION_FORMAT = "dwarf-with-dsym";
				ENABLE_NS_ASSERTIONS = NO;
				ENABLE_STRICT_OBJC_MSGSEND = YES;
				GCC_C_LANGUAGE_STANDARD = gnu11;
				GCC_NO_COMMON_BLOCKS = YES;
				GCC_WARN_64_TO_32_BIT_CONVERSION = YES;
				GCC_WARN_ABOUT_RETURN_TYPE = YES_ERROR;
				GCC_WARN_UNDECLARED_SELECTOR = YES;
				GCC_WARN_UNINITIALIZED_AUTOS = YES_AGGRESSIVE;
				GCC_WARN_UNUSED_FUNCTION = YES;
				GCC_WARN_UNUSED_VARIABLE = YES;
				IPHONEOS_DEPLOYMENT_TARGET = 15.5;
				MTL_ENABLE_DEBUG_INFO = NO;
				MTL_FAST_MATH = YES;
				SDKROOT = iphoneos;
				SWIFT_COMPILATION_MODE = wholemodule;
				SWIFT_OPTIMIZATION_LEVEL = "-O";
				VALIDATE_PRODUCT = YES;
			};
			name = Release;
		};
		12E33B062854725D002E0F33 /* Debug */ = {
			isa = XCBuildConfiguration;
			buildSettings = {
				ASSETCATALOG_COMPILER_APPICON_NAME = AppIcon;
				ASSETCATALOG_COMPILER_GLOBAL_ACCENT_COLOR_NAME = AccentColor;
				CODE_SIGN_STYLE = Automatic;
				CURRENT_PROJECT_VERSION = 1;
				DEVELOPMENT_ASSET_PATHS = "\"RouletteTracker/Preview Content\"";
				DEVELOPMENT_TEAM = UF5U48LL7C;
				ENABLE_PREVIEWS = YES;
				GENERATE_INFOPLIST_FILE = YES;
				INFOPLIST_KEY_UIApplicationSceneManifest_Generation = YES;
				INFOPLIST_KEY_UIApplicationSupportsIndirectInputEvents = YES;
				INFOPLIST_KEY_UILaunchScreen_Generation = YES;
				INFOPLIST_KEY_UISupportedInterfaceOrientations_iPad = "UIInterfaceOrientationLandscapeLeft UIInterfaceOrientationLandscapeRight";
				INFOPLIST_KEY_UISupportedInterfaceOrientations_iPhone = "UIInterfaceOrientationLandscapeLeft UIInterfaceOrientationLandscapeRight";
				LD_RUNPATH_SEARCH_PATHS = (
					"$(inherited)",
					"@executable_path/Frameworks",
				);
				MARKETING_VERSION = 1.0;
				PRODUCT_BUNDLE_IDENTIFIER = com.chappelle.rouletteTracker.RouletteTracker;
				PRODUCT_NAME = "$(TARGET_NAME)";
				SWIFT_EMIT_LOC_STRINGS = YES;
				SWIFT_VERSION = 5.0;
				TARGETED_DEVICE_FAMILY = "1,2";
			};
			name = Debug;
		};
		12E33B072854725D002E0F33 /* Release */ = {
			isa = XCBuildConfiguration;
			buildSettings = {
				ASSETCATALOG_COMPILER_APPICON_NAME = AppIcon;
				ASSETCATALOG_COMPILER_GLOBAL_ACCENT_COLOR_NAME = AccentColor;
				CODE_SIGN_STYLE = Automatic;
				CURRENT_PROJECT_VERSION = 1;
				DEVELOPMENT_ASSET_PATHS = "\"RouletteTracker/Preview Content\"";
				DEVELOPMENT_TEAM = UF5U48LL7C;
				ENABLE_PREVIEWS = YES;
				GENERATE_INFOPLIST_FILE = YES;
				INFOPLIST_KEY_UIApplicationSceneManifest_Generation = YES;
				INFOPLIST_KEY_UIApplicationSupportsIndirectInputEvents = YES;
				INFOPLIST_KEY_UILaunchScreen_Generation = YES;
				INFOPLIST_KEY_UISupportedInterfaceOrientations_iPad = "UIInterfaceOrientationLandscapeLeft UIInterfaceOrientationLandscapeRight";
				INFOPLIST_KEY_UISupportedInterfaceOrientations_iPhone = "UIInterfaceOrientationLandscapeLeft UIInterfaceOrientationLandscapeRight";
				LD_RUNPATH_SEARCH_PATHS = (
					"$(inherited)",
					"@executable_path/Frameworks",
				);
				MARKETING_VERSION = 1.0;
				PRODUCT_BUNDLE_IDENTIFIER = com.chappelle.rouletteTracker.RouletteTracker;
				PRODUCT_NAME = "$(TARGET_NAME)";
				SWIFT_EMIT_LOC_STRINGS = YES;
				SWIFT_VERSION = 5.0;
				TARGETED_DEVICE_FAMILY = "1,2";
			};
			name = Release;
		};
/* End XCBuildConfiguration section */

/* Begin XCConfigurationList section */
		12E33AF22854725D002E0F33 /* Build configuration list for PBXProject "RouletteTracker" */ = {
			isa = XCConfigurationList;
			buildConfigurations = (
				12E33B032854725D002E0F33 /* Debug */,
				12E33B042854725D002E0F33 /* Release */,
			);
			defaultConfigurationIsVisible = 0;
			defaultConfigurationName = Release;
		};
		12E33B052854725D002E0F33 /* Build configuration list for PBXNativeTarget "RouletteTracker" */ = {
			isa = XCConfigurationList;
			buildConfigurations = (
				12E33B062854725D002E0F33 /* Debug */,
				12E33B072854725D002E0F33 /* Release */,
			);
			defaultConfigurationIsVisible = 0;
			defaultConfigurationName = Release;
		};
/* End XCConfigurationList section */
	};
	rootObject = 12E33AEF2854725D002E0F33 /* Project object */;
}
